Microsoft Visual Studio Solution File, Format Version 12.00
# Visual Studio Version 17
VisualStudioVersion = 17.5.2.0
MinimumVisualStudioVersion = 10.0.40219.1
Project("{FAE04EC0-301F-11D3-BF4B-00C04F79EFBC}") = "WheelsAndBillsAPI", "WheelsAndBillsAPI.csproj", "{4886A628-3C54-D95C-2039-52ADF7CA2E47}"
EndProject
Global
	GlobalSection(SolutionConfigurationPlatforms) = preSolution
		Debug|Any CPU = Debug|Any CPU
		Release|Any CPU = Release|Any CPU
	EndGlobalSection
	GlobalSection(ProjectConfigurationPlatforms) = postSolution
		{4886A628-3C54-D95C-2039-52ADF7CA2E47}.Debug|Any CPU.ActiveCfg = Debug|Any CPU
		{4886A628-3C54-D95C-2039-52ADF7CA2E47}.Debug|Any CPU.Build.0 = Debug|Any CPU
		{4886A628-3C54-D95C-2039-52ADF7CA2E47}.Release|Any CPU.ActiveCfg = Release|Any CPU
		{4886A628-3C54-D95C-2039-52ADF7CA2E47}.Release|Any CPU.Build.0 = Release|Any CPU
	EndGlobalSection
	GlobalSection(SolutionProperties) = preSolution
		HideSolutionNode = FALSE
	EndGlobalSection
	GlobalSection(ExtensibilityGlobals) = postSolution
		SolutionGuid = {BDF008E2-D930-4229-B30C-6A914B21C6A5}
	EndGlobalSection
EndGlobal
